
Microsoft Visual Studio Solution File, Format Version 12.00
# Visual Studio Version 16
VisualStudioVersion = 16.0.29613.14
MinimumVisualStudioVersion = 10.0.40219.1
Project("{888888A0-9F3D-457C-B088-3A5042F75D52}") = "task_1", "task_1\task_1.pyproj", "{5723D40A-A0B9-4695-8EB6-67C2E758DD37}"
EndProject
Project("{888888A0-9F3D-457C-B088-3A5042F75D52}") = "task02", "task02\task02.pyproj", "{36741B8F-5BCA-442B-BB5F-69E775F4EC05}"
EndProject
Project("{888888A0-9F3D-457C-B088-3A5042F75D52}") = "task3", "task3\task3.pyproj", "{7BA0F726-C976-4D89-BFDD-B382F71EA027}"
EndProject
Project("{888888A0-9F3D-457C-B088-3A5042F75D52}") = "task04", "task04\task04.pyproj", "{A095292D-8170-4296-A720-218B94B86B5D}"
EndProject
Project("{888888A0-9F3D-457C-B088-3A5042F75D52}") = "task05", "task05\task05.pyproj", "{2E1EDA84-4B45-4306-AC9E-001CB4C26E8A}"
EndProject
Project("{888888A0-9F3D-457C-B088-3A5042F75D52}") = "task06", "task06\task06.pyproj", "{7BDAA679-B34C-42BA-AF74-2274953717D7}"
EndProject
Global
	GlobalSection(SolutionConfigurationPlatforms) = preSolution
		Debug|Any CPU = Debug|Any CPU
		Release|Any CPU = Release|Any CPU
	EndGlobalSection
	GlobalSection(ProjectConfigurationPlatforms) = postSolution
		{5723D40A-A0B9-4695-8EB6-67C2E758DD37}.Debug|Any CPU.ActiveCfg = Debug|Any CPU
		{5723D40A-A0B9-4695-8EB6-67C2E758DD37}.Release|Any CPU.ActiveCfg = Release|Any CPU
		{36741B8F-5BCA-442B-BB5F-69E775F4EC05}.Debug|Any CPU.ActiveCfg = Debug|Any CPU
		{36741B8F-5BCA-442B-BB5F-69E775F4EC05}.Release|Any CPU.ActiveCfg = Release|Any CPU
		{7BA0F726-C976-4D89-BFDD-B382F71EA027}.Debug|Any CPU.ActiveCfg = Debug|Any CPU
		{7BA0F726-C976-4D89-BFDD-B382F71EA027}.Release|Any CPU.ActiveCfg = Release|Any CPU
		{A095292D-8170-4296-A720-218B94B86B5D}.Debug|Any CPU.ActiveCfg = Debug|Any CPU
		{A095292D-8170-4296-A720-218B94B86B5D}.Release|Any CPU.ActiveCfg = Release|Any CPU
		{2E1EDA84-4B45-4306-AC9E-001CB4C26E8A}.Debug|Any CPU.ActiveCfg = Debug|Any CPU
		{2E1EDA84-4B45-4306-AC9E-001CB4C26E8A}.Release|Any CPU.ActiveCfg = Release|Any CPU
		{7BDAA679-B34C-42BA-AF74-2274953717D7}.Debug|Any CPU.ActiveCfg = Debug|Any CPU
		{7BDAA679-B34C-42BA-AF74-2274953717D7}.Release|Any CPU.ActiveCfg = Release|Any CPU
	EndGlobalSection
	GlobalSection(SolutionProperties) = preSolution
		HideSolutionNode = FALSE
	EndGlobalSection
	GlobalSection(ExtensibilityGlobals) = postSolution
		SolutionGuid = {E4212815-7C20-4C7B-875B-4E74D04FE193}
	EndGlobalSection
EndGlobal
